
Microsoft Visual Studio Solution File, Format Version 12.00
# Visual Studio Version 17
VisualStudioVersion = 17.3.32901.215
MinimumVisualStudioVersion = 10.0.40219.1
Project("{FAE04EC0-301F-11D3-BF4B-00C04F79EFBC}") = "AndriiBalakhtin_Verifica", "AndriiBalakhtin_Verifica\AndriiBalakhtin_Verifica.csproj", "{6FD52851-3327-455D-9559-F58C41111BF1}"
EndProject
Global
	GlobalSection(SolutionConfigurationPlatforms) = preSolution
		Debug|Any CPU = Debug|Any CPU
		Release|Any CPU = Release|Any CPU
	EndGlobalSection
	GlobalSection(ProjectConfigurationPlatforms) = postSolution
		{6FD52851-3327-455D-9559-F58C41111BF1}.Debug|Any CPU.ActiveCfg = Debug|Any CPU
		{6FD52851-3327-455D-9559-F58C41111BF1}.Debug|Any CPU.Build.0 = Debug|Any CPU
		{6FD52851-3327-455D-9559-F58C41111BF1}.Release|Any CPU.ActiveCfg = Release|Any CPU
		{6FD52851-3327-455D-9559-F58C41111BF1}.Release|Any CPU.Build.0 = Release|Any CPU
	EndGlobalSection
	GlobalSection(SolutionProperties) = preSolution
		HideSolutionNode = FALSE
	EndGlobalSection
	GlobalSection(ExtensibilityGlobals) = postSolution
		SolutionGuid = {337DDA3E-AEAE-44C0-96E0-F753AF92C0BF}
	EndGlobalSection
EndGlobal
